
Microsoft Visual Studio Solution File, Format Version 12.00
# Visual Studio Version 17
VisualStudioVersion = 17.0.32112.339
MinimumVisualStudioVersion = 10.0.40219.1
Project("{FAE04EC0-301F-11D3-BF4B-00C04F79EFBC}") = "Praktika.Avdeev", "Praktika.Avdeev\Praktika.Avdeev.csproj", "{4CAA58FF-B8FD-4603-8DAB-36600EC58970}"
EndProject
Global
	GlobalSection(SolutionConfigurationPlatforms) = preSolution
		Debug|Any CPU = Debug|Any CPU
		Release|Any CPU = Release|Any CPU
	EndGlobalSection
	GlobalSection(ProjectConfigurationPlatforms) = postSolution
		{4CAA58FF-B8FD-4603-8DAB-36600EC58970}.Debug|Any CPU.ActiveCfg = Debug|Any CPU
		{4CAA58FF-B8FD-4603-8DAB-36600EC58970}.Debug|Any CPU.Build.0 = Debug|Any CPU
		{4CAA58FF-B8FD-4603-8DAB-36600EC58970}.Release|Any CPU.ActiveCfg = Release|Any CPU
		{4CAA58FF-B8FD-4603-8DAB-36600EC58970}.Release|Any CPU.Build.0 = Release|Any CPU
	EndGlobalSection
	GlobalSection(SolutionProperties) = preSolution
		HideSolutionNode = FALSE
	EndGlobalSection
	GlobalSection(ExtensibilityGlobals) = postSolution
		SolutionGuid = {B0B34AC7-7BC2-4619-97E9-0BF562220003}
	EndGlobalSection
EndGlobal
